// !$*UTF8*$!
{
	archiveVersion = 1;
	classes = {
	};
	objectVersion = 77;
	objects = {

/* Begin PBXBuildFile section */
		800E82332F492F37007CADF5 /* Markdown in Frameworks */ = {isa = PBXBuildFile; productRef = 800E82322F492F37007CADF5 /* Markdown */; };
		800E84212F492FC4007CADF5 /* Markdown in Frameworks */ = {isa = PBXBuildFile; productRef = 800E82342F492F38007CADF5 /* Markdown */; };
/* End PBXBuildFile section */

/* Begin PBXContainerItemProxy section */
		800E7CC32F46B778007CADF5 /* PBXContainerItemProxy */ = {
			isa = PBXContainerItemProxy;
			containerPortal = 80BCD0B82F2C834F00D91F91 /* Project object */;
			proxyType = 1;
			remoteGlobalIDString = 800E7CB52F46B778007CADF5;
			remoteInfo = "OrbitDock iOS";
		};
		80BCD0CE2F2C834F00D91F91 /* PBXContainerItemProxy */ = {
			isa = PBXContainerItemProxy;
			containerPortal = 80BCD0B82F2C834F00D91F91 /* Project object */;
			proxyType = 1;
			remoteGlobalIDString = 80BCD0BF2F2C834F00D91F91;
			remoteInfo = OrbitDock;
		};
/* End PBXContainerItemProxy section */

/* Begin PBXFileReference section */
		800E7CB62F46B778007CADF5 /* OrbitDock iOS.app */ = {isa = PBXFileReference; explicitFileType = wrapper.application; includeInIndex = 0; path = "OrbitDock iOS.app"; sourceTree = BUILT_PRODUCTS_DIR; };
		800E7CC22F46B778007CADF5 /* OrbitDock iOSTests.xctest */ = {isa = PBXFileReference; explicitFileType = wrapper.cfbundle; includeInIndex = 0; path = "OrbitDock iOSTests.xctest"; sourceTree = BUILT_PRODUCTS_DIR; };
		80BCD0C02F2C834F00D91F91 /* OrbitDock.app */ = {isa = PBXFileReference; explicitFileType = wrapper.application; includeInIndex = 0; path = OrbitDock.app; sourceTree = BUILT_PRODUCTS_DIR; };
		80BCD0CD2F2C834F00D91F91 /* OrbitDockTests.xctest */ = {isa = PBXFileReference; explicitFileType = wrapper.cfbundle; includeInIndex = 0; path = OrbitDockTests.xctest; sourceTree = BUILT_PRODUCTS_DIR; };
/* End PBXFileReference section */

/* Begin PBXFileSystemSynchronizedBuildFileExceptionSet section */
		8014A0022F46D50007CADF5 /* Exceptions for "OrbitDock" folder in "OrbitDock iOS" target */ = {
			isa = PBXFileSystemSynchronizedBuildFileExceptionSet;
			membershipExceptions = (
				Info.plist,
			);
			target = 800E7CB52F46B778007CADF5 /* OrbitDock iOS */;
		};
		80BCDAFF2F3200000D91F91 /* Exceptions for "OrbitDock" folder in "OrbitDock" target */ = {
			isa = PBXFileSystemSynchronizedBuildFileExceptionSet;
			membershipExceptions = (
				Info.plist,
			);
			target = 80BCD0BF2F2C834F00D91F91 /* OrbitDock */;
		};
/* End PBXFileSystemSynchronizedBuildFileExceptionSet section */

/* Begin PBXFileSystemSynchronizedRootGroup section */
		800E7CC52F46B778007CADF5 /* OrbitDock iOSTests */ = {
			isa = PBXFileSystemSynchronizedRootGroup;
			path = "OrbitDock iOSTests";
			sourceTree = "<group>";
		};
		80BCD0C22F2C834F00D91F91 /* OrbitDock */ = {
			isa = PBXFileSystemSynchronizedRootGroup;
			exceptions = (
				80BCDAFF2F3200000D91F91 /* Exceptions for "OrbitDock" folder in "OrbitDock" target */,
				8014A0022F46D50007CADF5 /* Exceptions for "OrbitDock" folder in "OrbitDock iOS" target */,
			);
			path = OrbitDock;
			sourceTree = "<group>";
		};
		80BCD0D02F2C834F00D91F91 /* OrbitDockTests */ = {
			isa = PBXFileSystemSynchronizedRootGroup;
			path = OrbitDockTests;
			sourceTree = "<group>";
		};
/* End PBXFileSystemSynchronizedRootGroup section */

/* Begin PBXFrameworksBuildPhase section */
		800E7CB32F46B778007CADF5 /* Frameworks */ = {
			isa = PBXFrameworksBuildPhase;
			buildActionMask = 2147483647;
			files = (
				800E84212F492FC4007CADF5 /* Markdown in Frameworks */,
			);
			runOnlyForDeploymentPostprocessing = 0;
		};
		800E7CBF2F46B778007CADF5 /* Frameworks */ = {
			isa = PBXFrameworksBuildPhase;
			buildActionMask = 2147483647;
			files = (
			);
			runOnlyForDeploymentPostprocessing = 0;
		};
		80BCD0BD2F2C834F00D91F91 /* Frameworks */ = {
			isa = PBXFrameworksBuildPhase;
			buildActionMask = 2147483647;
			files = (
				800E82332F492F37007CADF5 /* Markdown in Frameworks */,
			);
			runOnlyForDeploymentPostprocessing = 0;
		};
		80BCD0CA2F2C834F00D91F91 /* Frameworks */ = {
			isa = PBXFrameworksBuildPhase;
			buildActionMask = 2147483647;
			files = (
			);
			runOnlyForDeploymentPostprocessing = 0;
		};
/* End PBXFrameworksBuildPhase section */

/* Begin PBXGroup section */
		80BCD0B72F2C834F00D91F91 = {
			isa = PBXGroup;
			children = (
				80BCD0C22F2C834F00D91F91 /* OrbitDock */,
				80BCD0D02F2C834F00D91F91 /* OrbitDockTests */,
				800E7CC52F46B778007CADF5 /* OrbitDock iOSTests */,
				80BCD0C12F2C834F00D91F91 /* Products */,
			);
			sourceTree = "<group>";
		};
		80BCD0C12F2C834F00D91F91 /* Products */ = {
			isa = PBXGroup;
			children = (
				80BCD0C02F2C834F00D91F91 /* OrbitDock.app */,
				80BCD0CD2F2C834F00D91F91 /* OrbitDockTests.xctest */,
				800E7CB62F46B778007CADF5 /* OrbitDock iOS.app */,
				800E7CC22F46B778007CADF5 /* OrbitDock iOSTests.xctest */,
			);
			name = Products;
			sourceTree = "<group>";
		};
/* End PBXGroup section */

/* Begin PBXNativeTarget section */
		800E7CB52F46B778007CADF5 /* OrbitDock iOS */ = {
			isa = PBXNativeTarget;
			buildConfigurationList = 800E7CD42F46B778007CADF5 /* Build configuration list for PBXNativeTarget "OrbitDock iOS" */;
			buildPhases = (
				800E7CB22F46B778007CADF5 /* Sources */,
				800E7CB32F46B778007CADF5 /* Frameworks */,
				800E7CB42F46B778007CADF5 /* Resources */,
			);
			buildRules = (
			);
			dependencies = (
			);
			fileSystemSynchronizedGroups = (
				80BCD0C22F2C834F00D91F91 /* OrbitDock */,
			);
			name = "OrbitDock iOS";
			packageProductDependencies = (
				800E82342F492F38007CADF5 /* Markdown */,
			);
			productName = "OrbitDock iOS";
			productReference = 800E7CB62F46B778007CADF5 /* OrbitDock iOS.app */;
			productType = "com.apple.product-type.application";
		};
		800E7CC12F46B778007CADF5 /* OrbitDock iOSTests */ = {
			isa = PBXNativeTarget;
			buildConfigurationList = 800E7CD72F46B778007CADF5 /* Build configuration list for PBXNativeTarget "OrbitDock iOSTests" */;
			buildPhases = (
				800E7CBE2F46B778007CADF5 /* Sources */,
				800E7CBF2F46B778007CADF5 /* Frameworks */,
				800E7CC02F46B778007CADF5 /* Resources */,
			);
			buildRules = (
			);
			dependencies = (
				800E7CC42F46B778007CADF5 /* PBXTargetDependency */,
			);
			fileSystemSynchronizedGroups = (
				800E7CC52F46B778007CADF5 /* OrbitDock iOSTests */,
			);
			name = "OrbitDock iOSTests";
			packageProductDependencies = (
			);
			productName = "OrbitDock iOSTests";
			productReference = 800E7CC22F46B778007CADF5 /* OrbitDock iOSTests.xctest */;
			productType = "com.apple.product-type.bundle.unit-test";
		};
		80BCD0BF2F2C834F00D91F91 /* OrbitDock */ = {
			isa = PBXNativeTarget;
			buildConfigurationList = 80BCD0E12F2C834F00D91F91 /* Build configuration list for PBXNativeTarget "OrbitDock" */;
			buildPhases = (
				80BCD0BC2F2C834F00D91F91 /* Sources */,
				80BCD0BD2F2C834F00D91F91 /* Frameworks */,
				80BCD0BE2F2C834F00D91F91 /* Resources */,
			);
			buildRules = (
			);
			dependencies = (
			);
			fileSystemSynchronizedGroups = (
				80BCD0C22F2C834F00D91F91 /* OrbitDock */,
			);
			name = OrbitDock;
			packageProductDependencies = (
				800E82322F492F37007CADF5 /* Markdown */,
			);
			productName = OrbitDock;
			productReference = 80BCD0C02F2C834F00D91F91 /* OrbitDock.app */;
			productType = "com.apple.product-type.application";
		};
		80BCD0CC2F2C834F00D91F91 /* OrbitDockTests */ = {
			isa = PBXNativeTarget;
			buildConfigurationList = 80BCD0E42F2C834F00D91F91 /* Build configuration list for PBXNativeTarget "OrbitDockTests" */;
			buildPhases = (
				80BCD0C92F2C834F00D91F91 /* Sources */,
				80BCD0CA2F2C834F00D91F91 /* Frameworks */,
				80BCD0CB2F2C834F00D91F91 /* Resources */,
			);
			buildRules = (
			);
			dependencies = (
				80BCD0CF2F2C834F00D91F91 /* PBXTargetDependency */,
			);
			fileSystemSynchronizedGroups = (
				80BCD0D02F2C834F00D91F91 /* OrbitDockTests */,
			);
			name = OrbitDockTests;
			packageProductDependencies = (
			);
			productName = OrbitDockTests;
			productReference = 80BCD0CD2F2C834F00D91F91 /* OrbitDockTests.xctest */;
			productType = "com.apple.product-type.bundle.unit-test";
		};
/* End PBXNativeTarget section */

/* Begin PBXProject section */
		80BCD0B82F2C834F00D91F91 /* Project object */ = {
			isa = PBXProject;
			attributes = {
				BuildIndependentTargetsInParallel = 1;
				LastSwiftUpdateCheck = 2620;
				LastUpgradeCheck = 2630;
				TargetAttributes = {
					800E7CB52F46B778007CADF5 = {
						CreatedOnToolsVersion = 26.2;
					};
					800E7CC12F46B778007CADF5 = {
						CreatedOnToolsVersion = 26.2;
						TestTargetID = 800E7CB52F46B778007CADF5;
					};
					80BCD0BF2F2C834F00D91F91 = {
						CreatedOnToolsVersion = 26.2;
					};
					80BCD0CC2F2C834F00D91F91 = {
						CreatedOnToolsVersion = 26.2;
						TestTargetID = 80BCD0BF2F2C834F00D91F91;
					};
				};
			};
			buildConfigurationList = 80BCD0BB2F2C834F00D91F91 /* Build configuration list for PBXProject "OrbitDock" */;
			developmentRegion = en;
			hasScannedForEncodings = 0;
			knownRegions = (
				en,
				Base,
			);
			mainGroup = 80BCD0B72F2C834F00D91F91;
			minimizedProjectReferenceProxies = 1;
			packageReferences = (
				80BCD8482F3058A100D91F91 /* XCLocalSwiftPackageReference "OrbitDockCore" */,
				800E82312F492F37007CADF5 /* XCRemoteSwiftPackageReference "swift-markdown" */,
			);
			preferredProjectObjectVersion = 77;
			productRefGroup = 80BCD0C12F2C834F00D91F91 /* Products */;
			projectDirPath = "";
			projectRoot = "";
			targets = (
				80BCD0BF2F2C834F00D91F91 /* OrbitDock */,
				80BCD0CC2F2C834F00D91F91 /* OrbitDockTests */,
				800E7CB52F46B778007CADF5 /* OrbitDock iOS */,
				800E7CC12F46B778007CADF5 /* OrbitDock iOSTests */,
			);
		};
/* End PBXProject section */

/* Begin PBXResourcesBuildPhase section */
		800E7CB42F46B778007CADF5 /* Resources */ = {
			isa = PBXResourcesBuildPhase;
			buildActionMask = 2147483647;
			files = (
			);
			runOnlyForDeploymentPostprocessing = 0;
		};
		800E7CC02F46B778007CADF5 /* Resources */ = {
			isa = PBXResourcesBuildPhase;
			buildActionMask = 2147483647;
			files = (
			);
			runOnlyForDeploymentPostprocessing = 0;
		};
		80BCD0BE2F2C834F00D91F91 /* Resources */ = {
			isa = PBXResourcesBuildPhase;
			buildActionMask = 2147483647;
			files = (
			);
			runOnlyForDeploymentPostprocessing = 0;
		};
		80BCD0CB2F2C834F00D91F91 /* Resources */ = {
			isa = PBXResourcesBuildPhase;
			buildActionMask = 2147483647;
			files = (
			);
			runOnlyForDeploymentPostprocessing = 0;
		};
/* End PBXResourcesBuildPhase section */

/* Begin PBXSourcesBuildPhase section */
		800E7CB22F46B778007CADF5 /* Sources */ = {
			isa = PBXSourcesBuildPhase;
			buildActionMask = 2147483647;
			files = (
			);
			runOnlyForDeploymentPostprocessing = 0;
		};
		800E7CBE2F46B778007CADF5 /* Sources */ = {
			isa = PBXSourcesBuildPhase;
			buildActionMask = 2147483647;
			files = (
			);
			runOnlyForDeploymentPostprocessing = 0;
		};
		80BCD0BC2F2C834F00D91F91 /* Sources */ = {
			isa = PBXSourcesBuildPhase;
			buildActionMask = 2147483647;
			files = (
			);
			runOnlyForDeploymentPostprocessing = 0;
		};
		80BCD0C92F2C834F00D91F91 /* Sources */ = {
			isa = PBXSourcesBuildPhase;
			buildActionMask = 2147483647;
			files = (
			);
			runOnlyForDeploymentPostprocessing = 0;
		};
/* End PBXSourcesBuildPhase section */

/* Begin PBXTargetDependency section */
		800E7CC42F46B778007CADF5 /* PBXTargetDependency */ = {
			isa = PBXTargetDependency;
			target = 800E7CB52F46B778007CADF5 /* OrbitDock iOS */;
			targetProxy = 800E7CC32F46B778007CADF5 /* PBXContainerItemProxy */;
		};
		80BCD0CF2F2C834F00D91F91 /* PBXTargetDependency */ = {
			isa = PBXTargetDependency;
			target = 80BCD0BF2F2C834F00D91F91 /* OrbitDock */;
			targetProxy = 80BCD0CE2F2C834F00D91F91 /* PBXContainerItemProxy */;
		};
/* End PBXTargetDependency section */

/* Begin XCBuildConfiguration section */
		800E7CD52F46B778007CADF5 /* Debug */ = {
			isa = XCBuildConfiguration;
			buildSettings = {
				ASSETCATALOG_COMPILER_APPICON_NAME = AppIcon;
				ASSETCATALOG_COMPILER_GLOBAL_ACCENT_COLOR_NAME = AccentColor;
				CODE_SIGN_STYLE = Automatic;
				CURRENT_PROJECT_VERSION = 1;
				DEVELOPMENT_TEAM = J658W2V76T;
				ENABLE_PREVIEWS = YES;
				ENABLE_USER_SCRIPT_SANDBOXING = YES;
				GENERATE_INFOPLIST_FILE = YES;
				HEADER_SEARCH_PATHS = "$(SRCROOT)/Vendors/ghostty-vt/include/**";
				INFOPLIST_FILE = OrbitDock/Info.plist;
				INFOPLIST_KEY_CFBundleDisplayName = OrbitDock;
				INFOPLIST_KEY_LSApplicationCategoryType = "public.app-category.developer-tools";
				INFOPLIST_KEY_NSLocalNetworkUsageDescription = "OrbitDock connects to servers on your local network.";
				INFOPLIST_KEY_NSMicrophoneUsageDescription = "OrbitDock uses your microphone for local dictation.";
				INFOPLIST_KEY_NSPrincipalClass = NSApplication;
				INFOPLIST_KEY_NSSpeechRecognitionUsageDescription = "OrbitDock uses speech recognition to transcribe local dictation on your device.";
				INFOPLIST_KEY_UIApplicationSceneManifest_Generation = YES;
				INFOPLIST_KEY_UIApplicationSupportsIndirectInputEvents = YES;
				INFOPLIST_KEY_UILaunchScreen_Generation = YES;
				INFOPLIST_KEY_UISupportedInterfaceOrientations_iPad = "UIInterfaceOrientationPortrait UIInterfaceOrientationPortraitUpsideDown UIInterfaceOrientationLandscapeLeft UIInterfaceOrientationLandscapeRight";
				INFOPLIST_KEY_UISupportedInterfaceOrientations_iPhone = "UIInterfaceOrientationPortrait UIInterfaceOrientationLandscapeLeft UIInterfaceOrientationLandscapeRight";
				IPHONEOS_DEPLOYMENT_TARGET = 18.0;
				LD_RUNPATH_SEARCH_PATHS = (
					"$(inherited)",
					"@executable_path/Frameworks",
				);
				"LIBRARY_SEARCH_PATHS[sdk=iphoneos*]" = "$(SRCROOT)/Vendors/ghostty-vt/lib/ios-arm64";
				"LIBRARY_SEARCH_PATHS[sdk=iphonesimulator*]" = "$(SRCROOT)/Vendors/ghostty-vt/lib/ios-simulator";
				MARKETING_VERSION = 0.7.0;
				"OTHER_LDFLAGS[sdk=iphoneos*]" = (
					"-lghostty-vt",
					"-lhighway",
					"-lsimdutf",
					"-lutfcpp",
					"-lc++",
				);
				"OTHER_LDFLAGS[sdk=iphonesimulator*]" = (
					"-lghostty-vt",
					"-lhighway",
					"-lsimdutf",
					"-lutfcpp",
					"-lc++",
				);
				PRODUCT_BUNDLE_IDENTIFIER = "com.stubbornmule-software.OrbitDock-iOS.dev";
				PRODUCT_NAME = "$(TARGET_NAME)";
				SDKROOT = iphoneos;
				STRING_CATALOG_GENERATE_SYMBOLS = YES;
				SWIFT_APPROACHABLE_CONCURRENCY = YES;
				SWIFT_DEFAULT_ACTOR_ISOLATION = MainActor;
				SWIFT_EMIT_LOC_STRINGS = YES;
				SWIFT_INCLUDE_PATHS = "$(SRCROOT)/Vendors/ghostty-vt/include";
				SWIFT_UPCOMING_FEATURE_MEMBER_IMPORT_VISIBILITY = YES;
				SWIFT_VERSION = 5.0;
				TARGETED_DEVICE_FAMILY = "1,2";
			};
			name = Debug;
		};
		800E7CD62F46B778007CADF5 /* Release */ = {
			isa = XCBuildConfiguration;
			buildSettings = {
				ASSETCATALOG_COMPILER_APPICON_NAME = AppIcon;
				ASSETCATALOG_COMPILER_GLOBAL_ACCENT_COLOR_NAME = AccentColor;
				CODE_SIGN_STYLE = Automatic;
				CURRENT_PROJECT_VERSION = 1;
				DEVELOPMENT_TEAM = J658W2V76T;
				ENABLE_PREVIEWS = YES;
				ENABLE_USER_SCRIPT_SANDBOXING = YES;
				GENERATE_INFOPLIST_FILE = YES;
				HEADER_SEARCH_PATHS = "$(SRCROOT)/Vendors/ghostty-vt/include/**";
				INFOPLIST_FILE = OrbitDock/Info.plist;
				INFOPLIST_KEY_CFBundleDisplayName = OrbitDock;
				INFOPLIST_KEY_LSApplicationCategoryType = "public.app-category.developer-tools";
				INFOPLIST_KEY_NSLocalNetworkUsageDescription = "OrbitDock connects to servers on your local network.";
				INFOPLIST_KEY_NSMicrophoneUsageDescription = "OrbitDock uses your microphone for local dictation.";
				INFOPLIST_KEY_NSPrincipalClass = NSApplication;
				INFOPLIST_KEY_NSSpeechRecognitionUsageDescription = "OrbitDock uses speech recognition to transcribe local dictation on your device.";
				INFOPLIST_KEY_UIApplicationSceneManifest_Generation = YES;
				INFOPLIST_KEY_UIApplicationSupportsIndirectInputEvents = YES;
				INFOPLIST_KEY_UILaunchScreen_Generation = YES;
				INFOPLIST_KEY_UISupportedInterfaceOrientations_iPad = "UIInterfaceOrientationPortrait UIInterfaceOrientationPortraitUpsideDown UIInterfaceOrientationLandscapeLeft UIInterfaceOrientationLandscapeRight";
				INFOPLIST_KEY_UISupportedInterfaceOrientations_iPhone = "UIInterfaceOrientationPortrait UIInterfaceOrientationLandscapeLeft UIInterfaceOrientationLandscapeRight";
				IPHONEOS_DEPLOYMENT_TARGET = 18.0;
				LD_RUNPATH_SEARCH_PATHS = (
					"$(inherited)",
					"@executable_path/Frameworks",
				);
				"LIBRARY_SEARCH_PATHS[sdk=iphoneos*]" = "$(SRCROOT)/Vendors/ghostty-vt/lib/ios-arm64";
				"LIBRARY_SEARCH_PATHS[sdk=iphonesimulator*]" = "$(SRCROOT)/Vendors/ghostty-vt/lib/ios-simulator";
				MARKETING_VERSION = 0.7.0;
				"OTHER_LDFLAGS[sdk=iphoneos*]" = (
					"-lghostty-vt",
					"-lhighway",
					"-lsimdutf",
					"-lutfcpp",
					"-lc++",
				);
				"OTHER_LDFLAGS[sdk=iphonesimulator*]" = (
					"-lghostty-vt",
					"-lhighway",
					"-lsimdutf",
					"-lutfcpp",
					"-lc++",
				);
				PRODUCT_BUNDLE_IDENTIFIER = "com.stubbornmule-software.OrbitDock-iOS";
				PRODUCT_NAME = "$(TARGET_NAME)";
				SDKROOT = iphoneos;
				STRING_CATALOG_GENERATE_SYMBOLS = YES;
				SWIFT_APPROACHABLE_CONCURRENCY = YES;
				SWIFT_DEFAULT_ACTOR_ISOLATION = MainActor;
				SWIFT_EMIT_LOC_STRINGS = YES;
				SWIFT_INCLUDE_PATHS = "$(SRCROOT)/Vendors/ghostty-vt/include";
				SWIFT_UPCOMING_FEATURE_MEMBER_IMPORT_VISIBILITY = YES;
				SWIFT_VERSION = 5.0;
				TARGETED_DEVICE_FAMILY = "1,2";
				VALIDATE_PRODUCT = YES;
			};
			name = Release;
		};
		800E7CD82F46B778007CADF5 /* Debug */ = {
			isa = XCBuildConfiguration;
			buildSettings = {
				BUNDLE_LOADER = "$(TEST_HOST)";
				CODE_SIGN_STYLE = Automatic;
				CURRENT_PROJECT_VERSION = 1;
				DEVELOPMENT_TEAM = J658W2V76T;
				ENABLE_USER_SCRIPT_SANDBOXING = YES;
				GENERATE_INFOPLIST_FILE = YES;
				HEADER_SEARCH_PATHS = "$(SRCROOT)/Vendors/ghostty-vt/include/**";
				IPHONEOS_DEPLOYMENT_TARGET = 18.0;
				MARKETING_VERSION = 1.0;
				PRODUCT_BUNDLE_IDENTIFIER = "com.stubborn-mule-software.OrbitDock-iOSTests";
				PRODUCT_NAME = "$(TARGET_NAME)";
				SDKROOT = iphoneos;
				STRING_CATALOG_GENERATE_SYMBOLS = NO;
				SWIFT_APPROACHABLE_CONCURRENCY = YES;
				SWIFT_EMIT_LOC_STRINGS = NO;
				SWIFT_INCLUDE_PATHS = "$(SRCROOT)/Vendors/ghostty-vt/include";
				SWIFT_UPCOMING_FEATURE_MEMBER_IMPORT_VISIBILITY = YES;
				SWIFT_VERSION = 5.0;
				TARGETED_DEVICE_FAMILY = "1,2";
				TEST_HOST = "$(BUILT_PRODUCTS_DIR)/OrbitDock iOS.app/$(BUNDLE_EXECUTABLE_FOLDER_PATH)/OrbitDock iOS";
			};
			name = Debug;
		};
		800E7CD92F46B778007CADF5 /* Release */ = {
			isa = XCBuildConfiguration;
			buildSettings = {
				BUNDLE_LOADER = "$(TEST_HOST)";
				CODE_SIGN_STYLE = Automatic;
				CURRENT_PROJECT_VERSION = 1;
				DEVELOPMENT_TEAM = J658W2V76T;
				ENABLE_USER_SCRIPT_SANDBOXING = YES;
				GENERATE_INFOPLIST_FILE = YES;
				HEADER_SEARCH_PATHS = "$(SRCROOT)/Vendors/ghostty-vt/include/**";
				IPHONEOS_DEPLOYMENT_TARGET = 18.0;
				MARKETING_VERSION = 1.0;
				PRODUCT_BUNDLE_IDENTIFIER = "com.stubborn-mule-software.OrbitDock-iOSTests";
				PRODUCT_NAME = "$(TARGET_NAME)";
				SDKROOT = iphoneos;
				STRING_CATALOG_GENERATE_SYMBOLS = NO;
				SWIFT_APPROACHABLE_CONCURRENCY = YES;
				SWIFT_EMIT_LOC_STRINGS = NO;
				SWIFT_INCLUDE_PATHS = "$(SRCROOT)/Vendors/ghostty-vt/include";
				SWIFT_UPCOMING_FEATURE_MEMBER_IMPORT_VISIBILITY = YES;
				SWIFT_VERSION = 5.0;
				TARGETED_DEVICE_FAMILY = "1,2";
				TEST_HOST = "$(BUILT_PRODUCTS_DIR)/OrbitDock iOS.app/$(BUNDLE_EXECUTABLE_FOLDER_PATH)/OrbitDock iOS";
				VALIDATE_PRODUCT = YES;
			};
			name = Release;
		};
		80BCD0DF2F2C834F00D91F91 /* Debug */ = {
			isa = XCBuildConfiguration;
			buildSettings = {
				ALWAYS_SEARCH_USER_PATHS = NO;
				"ARCHS[sdk=macosx*]" = arm64;
				ASSETCATALOG_COMPILER_GENERATE_SWIFT_ASSET_SYMBOL_EXTENSIONS = YES;
				CLANG_ANALYZER_NONNULL = YES;
				CLANG_ANALYZER_NUMBER_OBJECT_CONVERSION = YES_AGGRESSIVE;
				CLANG_CXX_LANGUAGE_STANDARD = "gnu++20";
				CLANG_ENABLE_MODULES = YES;
				CLANG_ENABLE_OBJC_ARC = YES;
				CLANG_ENABLE_OBJC_WEAK = YES;
				CLANG_WARN_BLOCK_CAPTURE_AUTORELEASING = YES;
				CLANG_WARN_BOOL_CONVERSION = YES;
				CLANG_WARN_COMMA = YES;
				CLANG_WARN_CONSTANT_CONVERSION = YES;
				CLANG_WARN_DEPRECATED_OBJC_IMPLEMENTATIONS = YES;
				CLANG_WARN_DIRECT_OBJC_ISA_USAGE = YES_ERROR;
				CLANG_WARN_DOCUMENTATION_COMMENTS = YES;
				CLANG_WARN_EMPTY_BODY = YES;
				CLANG_WARN_ENUM_CONVERSION = YES;
				CLANG_WARN_INFINITE_RECURSION = YES;
				CLANG_WARN_INT_CONVERSION = YES;
				CLANG_WARN_NON_LITERAL_NULL_CONVERSION = YES;
				CLANG_WARN_OBJC_IMPLICIT_RETAIN_SELF = YES;
				CLANG_WARN_OBJC_LITERAL_CONVERSION = YES;
				CLANG_WARN_OBJC_ROOT_CLASS = YES_ERROR;
				CLANG_WARN_QUOTED_INCLUDE_IN_FRAMEWORK_HEADER = YES;
				CLANG_WARN_RANGE_LOOP_ANALYSIS = YES;
				CLANG_WARN_STRICT_PROTOTYPES = YES;
				CLANG_WARN_SUSPICIOUS_MOVE = YES;
				CLANG_WARN_UNGUARDED_AVAILABILITY = YES_AGGRESSIVE;
				CLANG_WARN_UNREACHABLE_CODE = YES;
				CLANG_WARN__DUPLICATE_METHOD_MATCH = YES;
				COPY_PHASE_STRIP = NO;
				DEAD_CODE_STRIPPING = YES;
				DEBUG_INFORMATION_FORMAT = dwarf;
				DEVELOPMENT_TEAM = J658W2V76T;
				ENABLE_STRICT_OBJC_MSGSEND = YES;
				ENABLE_TESTABILITY = YES;
				ENABLE_USER_SCRIPT_SANDBOXING = NO;
				GCC_C_LANGUAGE_STANDARD = gnu17;
				GCC_DYNAMIC_NO_PIC = NO;
				GCC_NO_COMMON_BLOCKS = YES;
				GCC_OPTIMIZATION_LEVEL = 0;
				GCC_PREPROCESSOR_DEFINITIONS = (
					"DEBUG=1",
					"$(inherited)",
				);
				GCC_WARN_64_TO_32_BIT_CONVERSION = YES;
				GCC_WARN_ABOUT_RETURN_TYPE = YES_ERROR;
				GCC_WARN_UNDECLARED_SELECTOR = YES;
				GCC_WARN_UNINITIALIZED_AUTOS = YES_AGGRESSIVE;
				GCC_WARN_UNUSED_FUNCTION = YES;
				GCC_WARN_UNUSED_VARIABLE = YES;
				LOCALIZATION_PREFERS_STRING_CATALOGS = YES;
				MACOSX_DEPLOYMENT_TARGET = 15.7;
				MTL_ENABLE_DEBUG_INFO = INCLUDE_SOURCE;
				MTL_FAST_MATH = YES;
				ONLY_ACTIVE_ARCH = YES;
				SDKROOT = macosx;
				STRING_CATALOG_GENERATE_SYMBOLS = YES;
				SWIFT_ACTIVE_COMPILATION_CONDITIONS = "DEBUG $(inherited)";
				SWIFT_OPTIMIZATION_LEVEL = "-Onone";
			};
			name = Debug;
		};
		80BCD0E02F2C834F00D91F91 /* Release */ = {
			isa = XCBuildConfiguration;
			buildSettings = {
				ALWAYS_SEARCH_USER_PATHS = NO;
				"ARCHS[sdk=macosx*]" = arm64;
				ASSETCATALOG_COMPILER_GENERATE_SWIFT_ASSET_SYMBOL_EXTENSIONS = YES;
				CLANG_ANALYZER_NONNULL = YES;
				CLANG_ANALYZER_NUMBER_OBJECT_CONVERSION = YES_AGGRESSIVE;
				CLANG_CXX_LANGUAGE_STANDARD = "gnu++20";
				CLANG_ENABLE_MODULES = YES;
				CLANG_ENABLE_OBJC_ARC = YES;
				CLANG_ENABLE_OBJC_WEAK = YES;
				CLANG_WARN_BLOCK_CAPTURE_AUTORELEASING = YES;
				CLANG_WARN_BOOL_CONVERSION = YES;
				CLANG_WARN_COMMA = YES;
				CLANG_WARN_CONSTANT_CONVERSION = YES;
				CLANG_WARN_DEPRECATED_OBJC_IMPLEMENTATIONS = YES;
				CLANG_WARN_DIRECT_OBJC_ISA_USAGE = YES_ERROR;
				CLANG_WARN_DOCUMENTATION_COMMENTS = YES;
				CLANG_WARN_EMPTY_BODY = YES;
				CLANG_WARN_ENUM_CONVERSION = YES;
				CLANG_WARN_INFINITE_RECURSION = YES;
				CLANG_WARN_INT_CONVERSION = YES;
				CLANG_WARN_NON_LITERAL_NULL_CONVERSION = YES;
				CLANG_WARN_OBJC_IMPLICIT_RETAIN_SELF = YES;
				CLANG_WARN_OBJC_LITERAL_CONVERSION = YES;
				CLANG_WARN_OBJC_ROOT_CLASS = YES_ERROR;
				CLANG_WARN_QUOTED_INCLUDE_IN_FRAMEWORK_HEADER = YES;
				CLANG_WARN_RANGE_LOOP_ANALYSIS = YES;
				CLANG_WARN_STRICT_PROTOTYPES = YES;
				CLANG_WARN_SUSPICIOUS_MOVE = YES;
				CLANG_WARN_UNGUARDED_AVAILABILITY = YES_AGGRESSIVE;
				CLANG_WARN_UNREACHABLE_CODE = YES;
				CLANG_WARN__DUPLICATE_METHOD_MATCH = YES;
				COPY_PHASE_STRIP = NO;
				DEAD_CODE_STRIPPING = YES;
				DEBUG_INFORMATION_FORMAT = "dwarf-with-dsym";
				DEVELOPMENT_TEAM = J658W2V76T;
				ENABLE_NS_ASSERTIONS = NO;
				ENABLE_STRICT_OBJC_MSGSEND = YES;
				ENABLE_USER_SCRIPT_SANDBOXING = NO;
				GCC_C_LANGUAGE_STANDARD = gnu17;
				GCC_NO_COMMON_BLOCKS = YES;
				GCC_WARN_64_TO_32_BIT_CONVERSION = YES;
				GCC_WARN_ABOUT_RETURN_TYPE = YES_ERROR;
				GCC_WARN_UNDECLARED_SELECTOR = YES;
				GCC_WARN_UNINITIALIZED_AUTOS = YES_AGGRESSIVE;
				GCC_WARN_UNUSED_FUNCTION = YES;
				GCC_WARN_UNUSED_VARIABLE = YES;
				LOCALIZATION_PREFERS_STRING_CATALOGS = YES;
				MACOSX_DEPLOYMENT_TARGET = 15.7;
				MTL_ENABLE_DEBUG_INFO = NO;
				MTL_FAST_MATH = YES;
				SDKROOT = macosx;
				STRING_CATALOG_GENERATE_SYMBOLS = YES;
				SWIFT_COMPILATION_MODE = wholemodule;
			};
			name = Release;
		};
		80BCD0E22F2C834F00D91F91 /* Debug */ = {
			isa = XCBuildConfiguration;
			buildSettings = {
				ASSETCATALOG_COMPILER_APPICON_NAME = AppIcon;
				ASSETCATALOG_COMPILER_GLOBAL_ACCENT_COLOR_NAME = AccentColor;
				CODE_SIGN_ENTITLEMENTS = OrbitDock/OrbitDock.entitlements;
				"CODE_SIGN_IDENTITY[sdk=macosx*]" = "Apple Development";
				CODE_SIGN_STYLE = Automatic;
				COMBINE_HIDPI_IMAGES = YES;
				CURRENT_PROJECT_VERSION = 1;
				DEAD_CODE_STRIPPING = YES;
				DEVELOPMENT_TEAM = J658W2V76T;
				ENABLE_APP_SANDBOX = YES;
				ENABLE_HARDENED_RUNTIME = YES;
				ENABLE_OUTGOING_NETWORK_CONNECTIONS = YES;
				ENABLE_PREVIEWS = YES;
				ENABLE_RESOURCE_ACCESS_AUDIO_INPUT = YES;
				GENERATE_INFOPLIST_FILE = NO;
				HEADER_SEARCH_PATHS = "$(SRCROOT)/Vendors/ghostty-vt/include/**";
				INFOPLIST_FILE = OrbitDock/Info.plist;
				INFOPLIST_KEY_CFBundleDisplayName = OrbitDock;
				INFOPLIST_KEY_LSApplicationCategoryType = "public.app-category.developer-tools";
				LD_RUNPATH_SEARCH_PATHS = (
					"$(inherited)",
					"@executable_path/../Frameworks",
				);
				LIBRARY_SEARCH_PATHS = "$(SRCROOT)/Vendors/ghostty-vt/lib/macos-arm64";
				MACOSX_DEPLOYMENT_TARGET = 15.0;
				MARKETING_VERSION = 0.7.0;
				OTHER_LDFLAGS = (
					"-lghostty-vt",
					"-lhighway",
					"-lsimdutf",
					"-lutfcpp",
					"-lc++",
				);
				PRODUCT_BUNDLE_IDENTIFIER = "com.stubbornmule-software.OrbitDock-iOS.dev";
				PRODUCT_NAME = OrbitDock;
				REGISTER_APP_GROUPS = YES;
				STRING_CATALOG_GENERATE_SYMBOLS = YES;
				SWIFT_APPROACHABLE_CONCURRENCY = YES;
				SWIFT_DEFAULT_ACTOR_ISOLATION = MainActor;
				SWIFT_EMIT_LOC_STRINGS = YES;
				SWIFT_INCLUDE_PATHS = "$(SRCROOT)/Vendors/ghostty-vt/include";
				SWIFT_UPCOMING_FEATURE_MEMBER_IMPORT_VISIBILITY = YES;
				SWIFT_VERSION = 5.0;
			};
			name = Debug;
		};
		80BCD0E32F2C834F00D91F91 /* Release */ = {
			isa = XCBuildConfiguration;
			buildSettings = {
				ASSETCATALOG_COMPILER_APPICON_NAME = AppIcon;
				ASSETCATALOG_COMPILER_GLOBAL_ACCENT_COLOR_NAME = AccentColor;
				CODE_SIGN_ENTITLEMENTS = OrbitDock/OrbitDock.entitlements;
				CODE_SIGN_IDENTITY = "Apple Development";
				CODE_SIGN_STYLE = Automatic;
				COMBINE_HIDPI_IMAGES = YES;
				CURRENT_PROJECT_VERSION = 1;
				DEAD_CODE_STRIPPING = YES;
				DEVELOPMENT_TEAM = J658W2V76T;
				ENABLE_APP_SANDBOX = YES;
				ENABLE_HARDENED_RUNTIME = YES;
				ENABLE_OUTGOING_NETWORK_CONNECTIONS = YES;
				ENABLE_PREVIEWS = YES;
				ENABLE_RESOURCE_ACCESS_AUDIO_INPUT = YES;
				GENERATE_INFOPLIST_FILE = NO;
				HEADER_SEARCH_PATHS = "$(SRCROOT)/Vendors/ghostty-vt/include/**";
				INFOPLIST_FILE = OrbitDock/Info.plist;
				INFOPLIST_KEY_CFBundleDisplayName = OrbitDock;
				INFOPLIST_KEY_LSApplicationCategoryType = "public.app-category.developer-tools";
				LD_RUNPATH_SEARCH_PATHS = (
					"$(inherited)",
					"@executable_path/../Frameworks",
				);
				LIBRARY_SEARCH_PATHS = "$(SRCROOT)/Vendors/ghostty-vt/lib/macos-arm64";
				MACOSX_DEPLOYMENT_TARGET = 15.0;
				MARKETING_VERSION = 0.7.0;
				OTHER_LDFLAGS = (
					"-lghostty-vt",
					"-lhighway",
					"-lsimdutf",
					"-lutfcpp",
					"-lc++",
				);
				PRODUCT_BUNDLE_IDENTIFIER = "com.stubbornmule-software.OrbitDock-iOS";
				PRODUCT_NAME = OrbitDock;
				PROVISIONING_PROFILE_SPECIFIER = "";
				REGISTER_APP_GROUPS = YES;
				STRING_CATALOG_GENERATE_SYMBOLS = YES;
				SWIFT_APPROACHABLE_CONCURRENCY = YES;
				SWIFT_DEFAULT_ACTOR_ISOLATION = MainActor;
				SWIFT_EMIT_LOC_STRINGS = YES;
				SWIFT_INCLUDE_PATHS = "$(SRCROOT)/Vendors/ghostty-vt/include";
				SWIFT_UPCOMING_FEATURE_MEMBER_IMPORT_VISIBILITY = YES;
				SWIFT_VERSION = 5.0;
			};
			name = Release;
		};
		80BCD0E52F2C834F00D91F91 /* Debug */ = {
			isa = XCBuildConfiguration;
			buildSettings = {
				BUNDLE_LOADER = "$(TEST_HOST)";
				CODE_SIGN_STYLE = Automatic;
				CURRENT_PROJECT_VERSION = 1;
				DEAD_CODE_STRIPPING = YES;
				DEVELOPMENT_TEAM = J658W2V76T;
				GENERATE_INFOPLIST_FILE = YES;
				HEADER_SEARCH_PATHS = "$(SRCROOT)/Vendors/ghostty-vt/include/**";
				MACOSX_DEPLOYMENT_TARGET = 15.7;
				MARKETING_VERSION = 1.0;
				PRODUCT_BUNDLE_IDENTIFIER = "com.stubborn-mule-software.OrbitDockTests";
				PRODUCT_NAME = "$(TARGET_NAME)";
				STRING_CATALOG_GENERATE_SYMBOLS = NO;
				SWIFT_APPROACHABLE_CONCURRENCY = YES;
				SWIFT_EMIT_LOC_STRINGS = NO;
				SWIFT_INCLUDE_PATHS = "$(SRCROOT)/Vendors/ghostty-vt/include";
				SWIFT_UPCOMING_FEATURE_MEMBER_IMPORT_VISIBILITY = YES;
				SWIFT_VERSION = 5.0;
				TEST_HOST = "$(BUILT_PRODUCTS_DIR)/OrbitDock.app/$(BUNDLE_EXECUTABLE_FOLDER_PATH)/OrbitDock";
			};
			name = Debug;
		};
		80BCD0E62F2C834F00D91F91 /* Release */ = {
			isa = XCBuildConfiguration;
			buildSettings = {
				BUNDLE_LOADER = "$(TEST_HOST)";
				CODE_SIGN_STYLE = Automatic;
				CURRENT_PROJECT_VERSION = 1;
				DEAD_CODE_STRIPPING = YES;
				DEVELOPMENT_TEAM = J658W2V76T;
				GENERATE_INFOPLIST_FILE = YES;
				HEADER_SEARCH_PATHS = "$(SRCROOT)/Vendors/ghostty-vt/include/**";
				MACOSX_DEPLOYMENT_TARGET = 15.7;
				MARKETING_VERSION = 1.0;
				PRODUCT_BUNDLE_IDENTIFIER = "com.stubborn-mule-software.OrbitDockTests";
				PRODUCT_NAME = "$(TARGET_NAME)";
				STRING_CATALOG_GENERATE_SYMBOLS = NO;
				SWIFT_APPROACHABLE_CONCURRENCY = YES;
				SWIFT_EMIT_LOC_STRINGS = NO;
				SWIFT_INCLUDE_PATHS = "$(SRCROOT)/Vendors/ghostty-vt/include";
				SWIFT_UPCOMING_FEATURE_MEMBER_IMPORT_VISIBILITY = YES;
				SWIFT_VERSION = 5.0;
				TEST_HOST = "$(BUILT_PRODUCTS_DIR)/OrbitDock.app/$(BUNDLE_EXECUTABLE_FOLDER_PATH)/OrbitDock";
			};
			name = Release;
		};
/* End XCBuildConfiguration section */

/* Begin XCConfigurationList section */
		800E7CD42F46B778007CADF5 /* Build configuration list for PBXNativeTarget "OrbitDock iOS" */ = {
			isa = XCConfigurationList;
			buildConfigurations = (
				800E7CD52F46B778007CADF5 /* Debug */,
				800E7CD62F46B778007CADF5 /* Release */,
			);
			defaultConfigurationIsVisible = 0;
			defaultConfigurationName = Release;
		};
		800E7CD72F46B778007CADF5 /* Build configuration list for PBXNativeTarget "OrbitDock iOSTests" */ = {
			isa = XCConfigurationList;
			buildConfigurations = (
				800E7CD82F46B778007CADF5 /* Debug */,
				800E7CD92F46B778007CADF5 /* Release */,
			);
			defaultConfigurationIsVisible = 0;
			defaultConfigurationName = Release;
		};
		80BCD0BB2F2C834F00D91F91 /* Build configuration list for PBXProject "OrbitDock" */ = {
			isa = XCConfigurationList;
			buildConfigurations = (
				80BCD0DF2F2C834F00D91F91 /* Debug */,
				80BCD0E02F2C834F00D91F91 /* Release */,
			);
			defaultConfigurationIsVisible = 0;
			defaultConfigurationName = Release;
		};
		80BCD0E12F2C834F00D91F91 /* Build configuration list for PBXNativeTarget "OrbitDock" */ = {
			isa = XCConfigurationList;
			buildConfigurations = (
				80BCD0E22F2C834F00D91F91 /* Debug */,
				80BCD0E32F2C834F00D91F91 /* Release */,
			);
			defaultConfigurationIsVisible = 0;
			defaultConfigurationName = Release;
		};
		80BCD0E42F2C834F00D91F91 /* Build configuration list for PBXNativeTarget "OrbitDockTests" */ = {
			isa = XCConfigurationList;
			buildConfigurations = (
				80BCD0E52F2C834F00D91F91 /* Debug */,
				80BCD0E62F2C834F00D91F91 /* Release */,
			);
			defaultConfigurationIsVisible = 0;
			defaultConfigurationName = Release;
		};
/* End XCConfigurationList section */

/* Begin XCLocalSwiftPackageReference section */
		80BCD8482F3058A100D91F91 /* XCLocalSwiftPackageReference "OrbitDockCore" */ = {
			isa = XCLocalSwiftPackageReference;
			relativePath = OrbitDockCore;
		};
/* End XCLocalSwiftPackageReference section */

/* Begin XCRemoteSwiftPackageReference section */
		800E82312F492F37007CADF5 /* XCRemoteSwiftPackageReference "swift-markdown" */ = {
			isa = XCRemoteSwiftPackageReference;
			repositoryURL = "https://github.com/swiftlang/swift-markdown";
			requirement = {
				kind = upToNextMajorVersion;
				minimumVersion = 0.7.3;
			};
		};
/* End XCRemoteSwiftPackageReference section */

/* Begin XCSwiftPackageProductDependency section */
		800E82322F492F37007CADF5 /* Markdown */ = {
			isa = XCSwiftPackageProductDependency;
			package = 800E82312F492F37007CADF5 /* XCRemoteSwiftPackageReference "swift-markdown" */;
			productName = Markdown;
		};
		800E82342F492F38007CADF5 /* Markdown */ = {
			isa = XCSwiftPackageProductDependency;
			package = 800E82312F492F37007CADF5 /* XCRemoteSwiftPackageReference "swift-markdown" */;
			productName = Markdown;
		};
/* End XCSwiftPackageProductDependency section */
	};
	rootObject = 80BCD0B82F2C834F00D91F91 /* Project object */;
}
